
Microsoft Visual Studio Solution File, Format Version 12.00
# Visual Studio Version 17
VisualStudioVersion = 17.12.35707.178
MinimumVisualStudioVersion = 10.0.40219.1
Project("{2150E333-8FDC-42A3-9474-1A3956D46DE8}") = "Gateway", "Gateway", "{DED8B8D6-A85F-4EF4-BCD0-B66C4F8F90F6}"
EndProject
Project("{2150E333-8FDC-42A3-9474-1A3956D46DE8}") = "Integration", "Integration", "{96B77F69-324E-4F99-A249-CB61D2260344}"
EndProject
Project("{2150E333-8FDC-42A3-9474-1A3956D46DE8}") = "Services", "Services", "{9411AB1B-8EC7-4162-A2EE-3D484A290814}"
EndProject
Project("{FAE04EC0-301F-11D3-BF4B-00C04F79EFBC}") = "ECommerce.Service.CouponAPI", "ECommerce.Service.CouponAPI\ECommerce.Service.CouponAPI.csproj", "{2DBEF57F-D78A-453C-9781-73FFCE885AE6}"
EndProject
Project("{FAE04EC0-301F-11D3-BF4B-00C04F79EFBC}") = "ECommerce.Service.AuthAPI", "ECommerce.Service.AuthAPI\ECommerce.Service.AuthAPI.csproj", "{C47FA444-7608-451F-B655-6AC9C41307D6}"
EndProject
Project("{FAE04EC0-301F-11D3-BF4B-00C04F79EFBC}") = "ECommerce.Service.ProductAPI", "ECommerce.Service.ProductAPI\ECommerce.Service.ProductAPI.csproj", "{0F1FBA73-DA69-48E4-B638-10648984ED15}"
EndProject
Project("{FAE04EC0-301F-11D3-BF4B-00C04F79EFBC}") = "ECommerce.MessageBus", "ECommerce.MessageBus\ECommerce.MessageBus.csproj", "{4ABC91E9-FC10-41FC-AB74-CF8290530E78}"
EndProject
Project("{FAE04EC0-301F-11D3-BF4B-00C04F79EFBC}") = "ECommerce.EmailAPI", "ECommerce.EmailAPI\ECommerce.EmailAPI.csproj", "{FC793100-099A-40BA-A662-1EAE1BD56338}"
EndProject
Project("{FAE04EC0-301F-11D3-BF4B-00C04F79EFBC}") = "ECommerce.GatewaySolution", "ECommerce.GatewaySolution\ECommerce.GatewaySolution.csproj", "{49BFF68F-C69A-437B-9FA7-DEE4C58D7EB8}"
EndProject
Global
	GlobalSection(SolutionConfigurationPlatforms) = preSolution
		Debug|Any CPU = Debug|Any CPU
		Release|Any CPU = Release|Any CPU
	EndGlobalSection
	GlobalSection(ProjectConfigurationPlatforms) = postSolution
		{2DBEF57F-D78A-453C-9781-73FFCE885AE6}.Debug|Any CPU.ActiveCfg = Debug|Any CPU
		{2DBEF57F-D78A-453C-9781-73FFCE885AE6}.Debug|Any CPU.Build.0 = Debug|Any CPU
		{2DBEF57F-D78A-453C-9781-73FFCE885AE6}.Release|Any CPU.ActiveCfg = Release|Any CPU
		{2DBEF57F-D78A-453C-9781-73FFCE885AE6}.Release|Any CPU.Build.0 = Release|Any CPU
		{C47FA444-7608-451F-B655-6AC9C41307D6}.Debug|Any CPU.ActiveCfg = Debug|Any CPU
		{C47FA444-7608-451F-B655-6AC9C41307D6}.Debug|Any CPU.Build.0 = Debug|Any CPU
		{C47FA444-7608-451F-B655-6AC9C41307D6}.Release|Any CPU.ActiveCfg = Release|Any CPU
		{C47FA444-7608-451F-B655-6AC9C41307D6}.Release|Any CPU.Build.0 = Release|Any CPU
		{0F1FBA73-DA69-48E4-B638-10648984ED15}.Debug|Any CPU.ActiveCfg = Debug|Any CPU
		{0F1FBA73-DA69-48E4-B638-10648984ED15}.Debug|Any CPU.Build.0 = Debug|Any CPU
		{0F1FBA73-DA69-48E4-B638-10648984ED15}.Release|Any CPU.ActiveCfg = Release|Any CPU
		{0F1FBA73-DA69-48E4-B638-10648984ED15}.Release|Any CPU.Build.0 = Release|Any CPU
		{4ABC91E9-FC10-41FC-AB74-CF8290530E78}.Debug|Any CPU.ActiveCfg = Debug|Any CPU
		{4ABC91E9-FC10-41FC-AB74-CF8290530E78}.Debug|Any CPU.Build.0 = Debug|Any CPU
		{4ABC91E9-FC10-41FC-AB74-CF8290530E78}.Release|Any CPU.ActiveCfg = Release|Any CPU
		{4ABC91E9-FC10-41FC-AB74-CF8290530E78}.Release|Any CPU.Build.0 = Release|Any CPU
		{FC793100-099A-40BA-A662-1EAE1BD56338}.Debug|Any CPU.ActiveCfg = Debug|Any CPU
		{FC793100-099A-40BA-A662-1EAE1BD56338}.Debug|Any CPU.Build.0 = Debug|Any CPU
		{FC793100-099A-40BA-A662-1EAE1BD56338}.Release|Any CPU.ActiveCfg = Release|Any CPU
		{FC793100-099A-40BA-A662-1EAE1BD56338}.Release|Any CPU.Build.0 = Release|Any CPU
		{49BFF68F-C69A-437B-9FA7-DEE4C58D7EB8}.Debug|Any CPU.ActiveCfg = Debug|Any CPU
		{49BFF68F-C69A-437B-9FA7-DEE4C58D7EB8}.Debug|Any CPU.Build.0 = Debug|Any CPU
		{49BFF68F-C69A-437B-9FA7-DEE4C58D7EB8}.Release|Any CPU.ActiveCfg = Release|Any CPU
		{49BFF68F-C69A-437B-9FA7-DEE4C58D7EB8}.Release|Any CPU.Build.0 = Release|Any CPU
	EndGlobalSection
	GlobalSection(SolutionProperties) = preSolution
		HideSolutionNode = FALSE
	EndGlobalSection
	GlobalSection(NestedProjects) = preSolution
		{2DBEF57F-D78A-453C-9781-73FFCE885AE6} = {9411AB1B-8EC7-4162-A2EE-3D484A290814}
		{C47FA444-7608-451F-B655-6AC9C41307D6} = {9411AB1B-8EC7-4162-A2EE-3D484A290814}
		{0F1FBA73-DA69-48E4-B638-10648984ED15} = {9411AB1B-8EC7-4162-A2EE-3D484A290814}
		{4ABC91E9-FC10-41FC-AB74-CF8290530E78} = {96B77F69-324E-4F99-A249-CB61D2260344}
		{FC793100-099A-40BA-A662-1EAE1BD56338} = {9411AB1B-8EC7-4162-A2EE-3D484A290814}
		{49BFF68F-C69A-437B-9FA7-DEE4C58D7EB8} = {DED8B8D6-A85F-4EF4-BCD0-B66C4F8F90F6}
	EndGlobalSection
EndGlobal
