
Microsoft Visual Studio Solution File, Format Version 12.00
# Visual Studio Version 17
VisualStudioVersion = 17.12.35707.178
MinimumVisualStudioVersion = 10.0.40219.1
Project("{2150E333-8FDC-42A3-9474-1A3956D46DE8}") = "Gateway", "Gateway", "{DED8B8D6-A85F-4EF4-BCD0-B66C4F8F90F6}"
EndProject
Project("{2150E333-8FDC-42A3-9474-1A3956D46DE8}") = "Integration", "Integration", "{96B77F69-324E-4F99-A249-CB61D2260344}"
EndProject
Project("{2150E333-8FDC-42A3-9474-1A3956D46DE8}") = "Services", "Services", "{9411AB1B-8EC7-4162-A2EE-3D484A290814}"
EndProject
Project("{FAE04EC0-301F-11D3-BF4B-00C04F79EFBC}") = "ECommerce.Service.CouponAPI", "ECommerce.Service.CouponAPI\ECommerce.Service.CouponAPI.csproj", "{2DBEF57F-D78A-453C-9781-73FFCE885AE6}"
EndProject
Global
	GlobalSection(SolutionConfigurationPlatforms) = preSolution
		Debug|Any CPU = Debug|Any CPU
		Release|Any CPU = Release|Any CPU
	EndGlobalSection
	GlobalSection(ProjectConfigurationPlatforms) = postSolution
		{2DBEF57F-D78A-453C-9781-73FFCE885AE6}.Debug|Any CPU.ActiveCfg = Debug|Any CPU
		{2DBEF57F-D78A-453C-9781-73FFCE885AE6}.Debug|Any CPU.Build.0 = Debug|Any CPU
		{2DBEF57F-D78A-453C-9781-73FFCE885AE6}.Release|Any CPU.ActiveCfg = Release|Any CPU
		{2DBEF57F-D78A-453C-9781-73FFCE885AE6}.Release|Any CPU.Build.0 = Release|Any CPU
	EndGlobalSection
	GlobalSection(SolutionProperties) = preSolution
		HideSolutionNode = FALSE
	EndGlobalSection
	GlobalSection(NestedProjects) = preSolution
		{2DBEF57F-D78A-453C-9781-73FFCE885AE6} = {9411AB1B-8EC7-4162-A2EE-3D484A290814}
	EndGlobalSection
EndGlobal
